
Microsoft Visual Studio Solution File, Format Version 12.00
# Visual Studio Version 17
VisualStudioVersion = 17.2.32526.322
MinimumVisualStudioVersion = 10.0.40219.1
Project("{FAE04EC0-301F-11D3-BF4B-00C04F79EFBC}") = "ATM-Console", "ATM-Console\ATM-Console.csproj", "{ACE489BB-2F86-4C9F-B252-5FFC0B776CD0}"
EndProject
Global
	GlobalSection(SolutionConfigurationPlatforms) = preSolution
		Debug|Any CPU = Debug|Any CPU
		Release|Any CPU = Release|Any CPU
	EndGlobalSection
	GlobalSection(ProjectConfigurationPlatforms) = postSolution
		{ACE489BB-2F86-4C9F-B252-5FFC0B776CD0}.Debug|Any CPU.ActiveCfg = Debug|Any CPU
		{ACE489BB-2F86-4C9F-B252-5FFC0B776CD0}.Debug|Any CPU.Build.0 = Debug|Any CPU
		{ACE489BB-2F86-4C9F-B252-5FFC0B776CD0}.Release|Any CPU.ActiveCfg = Release|Any CPU
		{ACE489BB-2F86-4C9F-B252-5FFC0B776CD0}.Release|Any CPU.Build.0 = Release|Any CPU
	EndGlobalSection
	GlobalSection(SolutionProperties) = preSolution
		HideSolutionNode = FALSE
	EndGlobalSection
	GlobalSection(ExtensibilityGlobals) = postSolution
		SolutionGuid = {C56F4BC2-1179-407A-A8E1-49839C134DE4}
	EndGlobalSection
EndGlobal
